# THIS IS AN AUTOGENERATED FILE. DO NOT EDIT THIS FILE DIRECTLY.
# yarn lockfile v1


"@types/blueimp-md5@^2.18.0":
  version "2.18.0"
  resolved "https://registry.npm.aiiko.club/@types%2fblueimp-md5/-/blueimp-md5-2.18.0.tgz#a5c44fa0a61f5840e95a7965eafcec2c30d6c4df"
  integrity sha512-f4A+++lGZGJvVSgeyMkqA7BEf2BVQli6F+qEykKb49c5ieWQBkfpn6CP5c1IZr2Yi2Ofl6Fj+v0e1fN18Z8Cnw==

blueimp-md5@^2.19.0:
  version "2.19.0"
  resolved "https://registry.npm.aiiko.club/blueimp-md5/-/blueimp-md5-2.19.0.tgz#b53feea5498dcb53dc6ec4b823adb84b729c4af0"
  integrity sha512-DRQrD6gJyy8FbiE4s+bDoXS9hiW3Vbx5uCdwvcCf3zLHL+Iv7LtGHLpr+GZV8rHG8tK766FGYBwRbu8pELTt+w==

typescript@^4.9.3:
  version "4.9.3"
  resolved "https://registry.npm.aiiko.club/typescript/-/typescript-4.9.3.tgz#3aea307c1746b8c384435d8ac36b8a2e580d85db"
  integrity sha512-CIfGzTelbKNEnLpLdGFgdyKhG23CKdKgQPOBc+OUNrkJ2vr+KSzsSV5kq5iWhEQbok+quxgGzrAtGWCyU7tHnA==
